// !$*UTF8*$!
{
	archiveVersion = 1;
	classes = {
	};
	objectVersion = 50;
	objects = {

/* Begin PBXBuildFile section */
		A4F0B6DE22E6DDAB00994B1B /* AppDelegate.swift in Sources */ = {isa = PBXBuildFile; fileRef = A4F0B6DD22E6DDAB00994B1B /* AppDelegate.swift */; };
		A4F0B6E022E6DDAB00994B1B /* SceneDelegate.swift in Sources */ = {isa = PBXBuildFile; fileRef = A4F0B6DF22E6DDAB00994B1B /* SceneDelegate.swift */; };
		A4F0B6E222E6DDAB00994B1B /* ContentView.swift in Sources */ = {isa = PBXBuildFile; fileRef = A4F0B6E122E6DDAB00994B1B /* ContentView.swift */; };
		A4F0B6E422E6DDAC00994B1B /* Assets.xcassets in Resources */ = {isa = PBXBuildFile; fileRef = A4F0B6E322E6DDAC00994B1B /* Assets.xcassets */; };
		A4F0B6E722E6DDAC00994B1B /* Preview Assets.xcassets in Resources */ = {isa = PBXBuildFile; fileRef = A4F0B6E622E6DDAC00994B1B /* Preview Assets.xcassets */; };
		A4F0B6EA22E6DDAC00994B1B /* LaunchScreen.storyboard in Resources */ = {isa = PBXBuildFile; fileRef = A4F0B6E822E6DDAC00994B1B /* LaunchScreen.storyboard */; };
/* End PBXBuildFile section */

/* Begin PBXFileReference section */
		A4319B3322EAECFA004C6F38 /* Access Control.playground */ = {isa = PBXFileReference; lastKnownFileType = file.playground; path = "Access Control.playground"; sourceTree = "<group>"; xcLanguageSpecificationIdentifier = xcode.lang.swift; };
		A43F047522E764B400DD6C7A /* Structures and Classes.playground */ = {isa = PBXFileReference; lastKnownFileType = file.playground; path = "Structures and Classes.playground"; sourceTree = "<group>"; xcLanguageSpecificationIdentifier = xcode.lang.swift; };
		A43F047622E7658E00DD6C7A /* Initialization.playground */ = {isa = PBXFileReference; lastKnownFileType = file.playground; path = Initialization.playground; sourceTree = "<group>"; xcLanguageSpecificationIdentifier = xcode.lang.swift; };
		A480D55D2303D09800FA6F27 /* Functions.playground */ = {isa = PBXFileReference; lastKnownFileType = file.playground; path = Functions.playground; sourceTree = "<group>"; xcLanguageSpecificationIdentifier = xcode.lang.swift; };
		A485558623026FD300FE6E49 /* Closures.playground */ = {isa = PBXFileReference; lastKnownFileType = file.playground; path = Closures.playground; sourceTree = "<group>"; xcLanguageSpecificationIdentifier = xcode.lang.swift; };
		A4F0B6DA22E6DDAB00994B1B /* Swift Language Guide.app */ = {isa = PBXFileReference; explicitFileType = wrapper.application; includeInIndex = 0; path = "Swift Language Guide.app"; sourceTree = BUILT_PRODUCTS_DIR; };
		A4F0B6DD22E6DDAB00994B1B /* AppDelegate.swift */ = {isa = PBXFileReference; lastKnownFileType = sourcecode.swift; path = AppDelegate.swift; sourceTree = "<group>"; };
		A4F0B6DF22E6DDAB00994B1B /* SceneDelegate.swift */ = {isa = PBXFileReference; lastKnownFileType = sourcecode.swift; path = SceneDelegate.swift; sourceTree = "<group>"; };
		A4F0B6E122E6DDAB00994B1B /* ContentView.swift */ = {isa = PBXFileReference; lastKnownFileType = sourcecode.swift; path = ContentView.swift; sourceTree = "<group>"; };
		A4F0B6E322E6DDAC00994B1B /* Assets.xcassets */ = {isa = PBXFileReference; lastKnownFileType = folder.assetcatalog; path = Assets.xcassets; sourceTree = "<group>"; };
		A4F0B6E622E6DDAC00994B1B /* Preview Assets.xcassets */ = {isa = PBXFileReference; lastKnownFileType = folder.assetcatalog; path = "Preview Assets.xcassets"; sourceTree = "<group>"; };
		A4F0B6E922E6DDAC00994B1B /* Base */ = {isa = PBXFileReference; lastKnownFileType = file.storyboard; name = Base; path = Base.lproj/LaunchScreen.storyboard; sourceTree = "<group>"; };
		A4F0B6EB22E6DDAC00994B1B /* Info.plist */ = {isa = PBXFileReference; lastKnownFileType = text.plist.xml; path = Info.plist; sourceTree = "<group>"; };
		A4F0B6F122E6DDCD00994B1B /* Template.playground */ = {isa = PBXFileReference; lastKnownFileType = file.playground; path = Template.playground; sourceTree = "<group>"; xcLanguageSpecificationIdentifier = xcode.lang.swift; };
		A4F0B6F222E6DE2700994B1B /* The Basics.playground */ = {isa = PBXFileReference; lastKnownFileType = file.playground; path = "The Basics.playground"; sourceTree = "<group>"; xcLanguageSpecificationIdentifier = xcode.lang.swift; };
/* End PBXFileReference section */

/* Begin PBXFrameworksBuildPhase section */
		A4F0B6D722E6DDAB00994B1B /* Frameworks */ = {
			isa = PBXFrameworksBuildPhase;
			buildActionMask = 2147483647;
			files = (
			);
			runOnlyForDeploymentPostprocessing = 0;
		};
/* End PBXFrameworksBuildPhase section */

/* Begin PBXGroup section */
		A4F0B6D122E6DDAB00994B1B = {
			isa = PBXGroup;
			children = (
				A4F0B6F222E6DE2700994B1B /* The Basics.playground */,
				A480D55D2303D09800FA6F27 /* Functions.playground */,
				A485558623026FD300FE6E49 /* Closures.playground */,
				A43F047522E764B400DD6C7A /* Structures and Classes.playground */,
				A43F047622E7658E00DD6C7A /* Initialization.playground */,
				A4319B3322EAECFA004C6F38 /* Access Control.playground */,
				A4F0B6F122E6DDCD00994B1B /* Template.playground */,
				A4F0B6DC22E6DDAB00994B1B /* Swift Language Guide */,
				A4F0B6DB22E6DDAB00994B1B /* Products */,
			);
			sourceTree = "<group>";
		};
		A4F0B6DB22E6DDAB00994B1B /* Products */ = {
			isa = PBXGroup;
			children = (
				A4F0B6DA22E6DDAB00994B1B /* Swift Language Guide.app */,
			);
			name = Products;
			sourceTree = "<group>";
		};
		A4F0B6DC22E6DDAB00994B1B /* Swift Language Guide */ = {
			isa = PBXGroup;
			children = (
				A4F0B6DD22E6DDAB00994B1B /* AppDelegate.swift */,
				A4F0B6DF22E6DDAB00994B1B /* SceneDelegate.swift */,
				A4F0B6E122E6DDAB00994B1B /* ContentView.swift */,
				A4F0B6E322E6DDAC00994B1B /* Assets.xcassets */,
				A4F0B6E822E6DDAC00994B1B /* LaunchScreen.storyboard */,
				A4F0B6EB22E6DDAC00994B1B /* Info.plist */,
				A4F0B6E522E6DDAC00994B1B /* Preview Content */,
			);
			path = "Swift Language Guide";
			sourceTree = "<group>";
		};
		A4F0B6E522E6DDAC00994B1B /* Preview Content */ = {
			isa = PBXGroup;
			children = (
				A4F0B6E622E6DDAC00994B1B /* Preview Assets.xcassets */,
			);
			path = "Preview Content";
			sourceTree = "<group>";
		};
/* End PBXGroup section */

/* Begin PBXNativeTarget section */
		A4F0B6D922E6DDAB00994B1B /* Swift Language Guide */ = {
			isa = PBXNativeTarget;
			buildConfigurationList = A4F0B6EE22E6DDAC00994B1B /* Build configuration list for PBXNativeTarget "Swift Language Guide" */;
			buildPhases = (
				A4F0B6D622E6DDAB00994B1B /* Sources */,
				A4F0B6D722E6DDAB00994B1B /* Frameworks */,
				A4F0B6D822E6DDAB00994B1B /* Resources */,
			);
			buildRules = (
			);
			dependencies = (
			);
			name = "Swift Language Guide";
			productName = "Swift Language Guide";
			productReference = A4F0B6DA22E6DDAB00994B1B /* Swift Language Guide.app */;
			productType = "com.apple.product-type.application";
		};
/* End PBXNativeTarget section */

/* Begin PBXProject section */
		A4F0B6D222E6DDAB00994B1B /* Project object */ = {
			isa = PBXProject;
			attributes = {
				LastSwiftUpdateCheck = 1100;
				LastUpgradeCheck = 1100;
				ORGANIZATIONNAME = chino;
				TargetAttributes = {
					A4F0B6D922E6DDAB00994B1B = {
						CreatedOnToolsVersion = 11.0;
					};
				};
			};
			buildConfigurationList = A4F0B6D522E6DDAB00994B1B /* Build configuration list for PBXProject "Swift Language Guide" */;
			compatibilityVersion = "Xcode 9.3";
			developmentRegion = en;
			hasScannedForEncodings = 0;
			knownRegions = (
				en,
				Base,
			);
			mainGroup = A4F0B6D122E6DDAB00994B1B;
			productRefGroup = A4F0B6DB22E6DDAB00994B1B /* Products */;
			projectDirPath = "";
			projectRoot = "";
			targets = (
				A4F0B6D922E6DDAB00994B1B /* Swift Language Guide */,
			);
		};
/* End PBXProject section */

/* Begin PBXResourcesBuildPhase section */
		A4F0B6D822E6DDAB00994B1B /* Resources */ = {
			isa = PBXResourcesBuildPhase;
			buildActionMask = 2147483647;
			files = (
				A4F0B6EA22E6DDAC00994B1B /* LaunchScreen.storyboard in Resources */,
				A4F0B6E722E6DDAC00994B1B /* Preview Assets.xcassets in Resources */,
				A4F0B6E422E6DDAC00994B1B /* Assets.xcassets in Resources */,
			);
			runOnlyForDeploymentPostprocessing = 0;
		};
/* End PBXResourcesBuildPhase section */

/* Begin PBXSourcesBuildPhase section */
		A4F0B6D622E6DDAB00994B1B /* Sources */ = {
			isa = PBXSourcesBuildPhase;
			buildActionMask = 2147483647;
			files = (
				A4F0B6DE22E6DDAB00994B1B /* AppDelegate.swift in Sources */,
				A4F0B6E022E6DDAB00994B1B /* SceneDelegate.swift in Sources */,
				A4F0B6E222E6DDAB00994B1B /* ContentView.swift in Sources */,
			);
			runOnlyForDeploymentPostprocessing = 0;
		};
/* End PBXSourcesBuildPhase section */

/* Begin PBXVariantGroup section */
		A4F0B6E822E6DDAC00994B1B /* LaunchScreen.storyboard */ = {
			isa = PBXVariantGroup;
			children = (
				A4F0B6E922E6DDAC00994B1B /* Base */,
			);
			name = LaunchScreen.storyboard;
			sourceTree = "<group>";
		};
/* End PBXVariantGroup section */

/* Begin XCBuildConfiguration section */
		A4F0B6EC22E6DDAC00994B1B /* Debug */ = {
			isa = XCBuildConfiguration;
			buildSettings = {
				ALWAYS_SEARCH_USER_PATHS = NO;
				CLANG_ANALYZER_NONNULL = YES;
				CLANG_ANALYZER_NUMBER_OBJECT_CONVERSION = YES_AGGRESSIVE;
				CLANG_CXX_LANGUAGE_STANDARD = "gnu++14";
				CLANG_CXX_LIBRARY = "libc++";
				CLANG_ENABLE_MODULES = YES;
				CLANG_ENABLE_OBJC_ARC = YES;
				CLANG_ENABLE_OBJC_WEAK = YES;
				CLANG_WARN_BLOCK_CAPTURE_AUTORELEASING = YES;
				CLANG_WARN_BOOL_CONVERSION = YES;
				CLANG_WARN_COMMA = YES;
				CLANG_WARN_CONSTANT_CONVERSION = YES;
				CLANG_WARN_DEPRECATED_OBJC_IMPLEMENTATIONS = YES;
				CLANG_WARN_DIRECT_OBJC_ISA_USAGE = YES_ERROR;
				CLANG_WARN_DOCUMENTATION_COMMENTS = YES;
				CLANG_WARN_EMPTY_BODY = YES;
				CLANG_WARN_ENUM_CONVERSION = YES;
				CLANG_WARN_INFINITE_RECURSION = YES;
				CLANG_WARN_INT_CONVERSION = YES;
				CLANG_WARN_NON_LITERAL_NULL_CONVERSION = YES;
				CLANG_WARN_OBJC_IMPLICIT_RETAIN_SELF = YES;
				CLANG_WARN_OBJC_LITERAL_CONVERSION = YES;
				CLANG_WARN_OBJC_ROOT_CLASS = YES_ERROR;
				CLANG_WARN_RANGE_LOOP_ANALYSIS = YES;
				CLANG_WARN_STRICT_PROTOTYPES = YES;
				CLANG_WARN_SUSPICIOUS_MOVE = YES;
				CLANG_WARN_UNGUARDED_AVAILABILITY = YES_AGGRESSIVE;
				CLANG_WARN_UNREACHABLE_CODE = YES;
				CLANG_WARN__DUPLICATE_METHOD_MATCH = YES;
				COPY_PHASE_STRIP = NO;
				DEBUG_INFORMATION_FORMAT = dwarf;
				ENABLE_STRICT_OBJC_MSGSEND = YES;
				ENABLE_TESTABILITY = YES;
				GCC_C_LANGUAGE_STANDARD = gnu11;
				GCC_DYNAMIC_NO_PIC = NO;
				GCC_NO_COMMON_BLOCKS = YES;
				GCC_OPTIMIZATION_LEVEL = 0;
				GCC_PREPROCESSOR_DEFINITIONS = (
					"DEBUG=1",
					"$(inherited)",
				);
				GCC_WARN_64_TO_32_BIT_CONVERSION = YES;
				GCC_WARN_ABOUT_RETURN_TYPE = YES_ERROR;
				GCC_WARN_UNDECLARED_SELECTOR = YES;
				GCC_WARN_UNINITIALIZED_AUTOS = YES_AGGRESSIVE;
				GCC_WARN_UNUSED_FUNCTION = YES;
				GCC_WARN_UNUSED_VARIABLE = YES;
				IPHONEOS_DEPLOYMENT_TARGET = 13.0;
				MTL_ENABLE_DEBUG_INFO = INCLUDE_SOURCE;
				MTL_FAST_MATH = YES;
				ONLY_ACTIVE_ARCH = YES;
				SDKROOT = iphoneos;
				SWIFT_ACTIVE_COMPILATION_CONDITIONS = DEBUG;
				SWIFT_OPTIMIZATION_LEVEL = "-Onone";
			};
			name = Debug;
		};
		A4F0B6ED22E6DDAC00994B1B /* Release */ = {
			isa = XCBuildConfiguration;
			buildSettings = {
				ALWAYS_SEARCH_USER_PATHS = NO;
				CLANG_ANALYZER_NONNULL = YES;
				CLANG_ANALYZER_NUMBER_OBJECT_CONVERSION = YES_AGGRESSIVE;
				CLANG_CXX_LANGUAGE_STANDARD = "gnu++14";
				CLANG_CXX_LIBRARY = "libc++";
				CLANG_ENABLE_MODULES = YES;
				CLANG_ENABLE_OBJC_ARC = YES;
				CLANG_ENABLE_OBJC_WEAK = YES;
				CLANG_WARN_BLOCK_CAPTURE_AUTORELEASING = YES;
				CLANG_WARN_BOOL_CONVERSION = YES;
				CLANG_WARN_COMMA = YES;
				CLANG_WARN_CONSTANT_CONVERSION = YES;
				CLANG_WARN_DEPRECATED_OBJC_IMPLEMENTATIONS = YES;
				CLANG_WARN_DIRECT_OBJC_ISA_USAGE = YES_ERROR;
				CLANG_WARN_DOCUMENTATION_COMMENTS = YES;
				CLANG_WARN_EMPTY_BODY = YES;
				CLANG_WARN_ENUM_CONVERSION = YES;
				CLANG_WARN_INFINITE_RECURSION = YES;
				CLANG_WARN_INT_CONVERSION = YES;
				CLANG_WARN_NON_LITERAL_NULL_CONVERSION = YES;
				CLANG_WARN_OBJC_IMPLICIT_RETAIN_SELF = YES;
				CLANG_WARN_OBJC_LITERAL_CONVERSION = YES;
				CLANG_WARN_OBJC_ROOT_CLASS = YES_ERROR;
				CLANG_WARN_RANGE_LOOP_ANALYSIS = YES;
				CLANG_WARN_STRICT_PROTOTYPES = YES;
				CLANG_WARN_SUSPICIOUS_MOVE = YES;
				CLANG_WARN_UNGUARDED_AVAILABILITY = YES_AGGRESSIVE;
				CLANG_WARN_UNREACHABLE_CODE = YES;
				CLANG_WARN__DUPLICATE_METHOD_MATCH = YES;
				COPY_PHASE_STRIP = NO;
				DEBUG_INFORMATION_FORMAT = "dwarf-with-dsym";
				ENABLE_NS_ASSERTIONS = NO;
				ENABLE_STRICT_OBJC_MSGSEND = YES;
				GCC_C_LANGUAGE_STANDARD = gnu11;
				GCC_NO_COMMON_BLOCKS = YES;
				GCC_WARN_64_TO_32_BIT_CONVERSION = YES;
				GCC_WARN_ABOUT_RETURN_TYPE = YES_ERROR;
				GCC_WARN_UNDECLARED_SELECTOR = YES;
				GCC_WARN_UNINITIALIZED_AUTOS = YES_AGGRESSIVE;
				GCC_WARN_UNUSED_FUNCTION = YES;
				GCC_WARN_UNUSED_VARIABLE = YES;
				IPHONEOS_DEPLOYMENT_TARGET = 13.0;
				MTL_ENABLE_DEBUG_INFO = NO;
				MTL_FAST_MATH = YES;
				SDKROOT = iphoneos;
				SWIFT_COMPILATION_MODE = wholemodule;
				SWIFT_OPTIMIZATION_LEVEL = "-O";
				VALIDATE_PRODUCT = YES;
			};
			name = Release;
		};
		A4F0B6EF22E6DDAC00994B1B /* Debug */ = {
			isa = XCBuildConfiguration;
			buildSettings = {
				ASSETCATALOG_COMPILER_APPICON_NAME = AppIcon;
				CODE_SIGN_STYLE = Automatic;
				DEVELOPMENT_ASSET_PATHS = "\"Swift Language Guide\"/Preview\\ Content";
				DEVELOPMENT_TEAM = 95B35WLDBN;
				ENABLE_PREVIEWS = YES;
				INFOPLIST_FILE = "Swift Language Guide/Info.plist";
				LD_RUNPATH_SEARCH_PATHS = (
					"$(inherited)",
					"@executable_path/Frameworks",
				);
				PRODUCT_BUNDLE_IDENTIFIER = "imchino.Swift-Language-Guide";
				PRODUCT_NAME = "$(TARGET_NAME)";
				SWIFT_VERSION = 5.0;
				TARGETED_DEVICE_FAMILY = "1,2";
			};
			name = Debug;
		};
		A4F0B6F022E6DDAC00994B1B /* Release */ = {
			isa = XCBuildConfiguration;
			buildSettings = {
				ASSETCATALOG_COMPILER_APPICON_NAME = AppIcon;
				CODE_SIGN_STYLE = Automatic;
				DEVELOPMENT_ASSET_PATHS = "\"Swift Language Guide\"/Preview\\ Content";
				DEVELOPMENT_TEAM = 95B35WLDBN;
				ENABLE_PREVIEWS = YES;
				INFOPLIST_FILE = "Swift Language Guide/Info.plist";
				LD_RUNPATH_SEARCH_PATHS = (
					"$(inherited)",
					"@executable_path/Frameworks",
				);
				PRODUCT_BUNDLE_IDENTIFIER = "imchino.Swift-Language-Guide";
				PRODUCT_NAME = "$(TARGET_NAME)";
				SWIFT_VERSION = 5.0;
				TARGETED_DEVICE_FAMILY = "1,2";
			};
			name = Release;
		};
/* End XCBuildConfiguration section */

/* Begin XCConfigurationList section */
		A4F0B6D522E6DDAB00994B1B /* Build configuration list for PBXProject "Swift Language Guide" */ = {
			isa = XCConfigurationList;
			buildConfigurations = (
				A4F0B6EC22E6DDAC00994B1B /* Debug */,
				A4F0B6ED22E6DDAC00994B1B /* Release */,
			);
			defaultConfigurationIsVisible = 0;
			defaultConfigurationName = Release;
		};
		A4F0B6EE22E6DDAC00994B1B /* Build configuration list for PBXNativeTarget "Swift Language Guide" */ = {
			isa = XCConfigurationList;
			buildConfigurations = (
				A4F0B6EF22E6DDAC00994B1B /* Debug */,
				A4F0B6F022E6DDAC00994B1B /* Release */,
			);
			defaultConfigurationIsVisible = 0;
			defaultConfigurationName = Release;
		};
/* End XCConfigurationList section */
	};
	rootObject = A4F0B6D222E6DDAB00994B1B /* Project object */;
}
